// !$*UTF8*$!
{
	archiveVersion = 1;
	classes = {
	};
	objectVersion = 77;
	objects = {

/* Begin PBXBuildFile section */
		00D759C72DFF853800E8D14A /* HeartMonitor WatchApp Watch App.app in Embed Watch Content */ = {isa = PBXBuildFile; fileRef = 00D759A72DFF853600E8D14A /* HeartMonitor WatchApp Watch App.app */; settings = {ATTRIBUTES = (RemoveHeadersOnCopy, ); }; };
/* End PBXBuildFile section */

/* Begin PBXContainerItemProxy section */
		00D759862DFF83A000E8D14A /* PBXContainerItemProxy */ = {
			isa = PBXContainerItemProxy;
			containerPortal = 00D759692DFF839F00E8D14A /* Project object */;
			proxyType = 1;
			remoteGlobalIDString = 00D759702DFF839F00E8D14A;
			remoteInfo = HeartMonitor;
		};
		00D759902DFF83A000E8D14A /* PBXContainerItemProxy */ = {
			isa = PBXContainerItemProxy;
			containerPortal = 00D759692DFF839F00E8D14A /* Project object */;
			proxyType = 1;
			remoteGlobalIDString = 00D759702DFF839F00E8D14A;
			remoteInfo = HeartMonitor;
		};
		00D759B42DFF853800E8D14A /* PBXContainerItemProxy */ = {
			isa = PBXContainerItemProxy;
			containerPortal = 00D759692DFF839F00E8D14A /* Project object */;
			proxyType = 1;
			remoteGlobalIDString = 00D759A62DFF853600E8D14A;
			remoteInfo = "HeartMonitor WatchApp Watch App";
		};
		00D759BE2DFF853800E8D14A /* PBXContainerItemProxy */ = {
			isa = PBXContainerItemProxy;
			containerPortal = 00D759692DFF839F00E8D14A /* Project object */;
			proxyType = 1;
			remoteGlobalIDString = 00D759A62DFF853600E8D14A;
			remoteInfo = "HeartMonitor WatchApp Watch App";
		};
		00D759C52DFF853800E8D14A /* PBXContainerItemProxy */ = {
			isa = PBXContainerItemProxy;
			containerPortal = 00D759692DFF839F00E8D14A /* Project object */;
			proxyType = 1;
			remoteGlobalIDString = 00D759A62DFF853600E8D14A;
			remoteInfo = "HeartMonitor WatchApp Watch App";
		};
/* End PBXContainerItemProxy section */

/* Begin PBXCopyFilesBuildPhase section */
		00D759CB2DFF853800E8D14A /* Embed Watch Content */ = {
			isa = PBXCopyFilesBuildPhase;
			buildActionMask = 2147483647;
			dstPath = "$(CONTENTS_FOLDER_PATH)/Watch";
			dstSubfolderSpec = 16;
			files = (
				00D759C72DFF853800E8D14A /* HeartMonitor WatchApp Watch App.app in Embed Watch Content */,
			);
			name = "Embed Watch Content";
			runOnlyForDeploymentPostprocessing = 0;
		};
/* End PBXCopyFilesBuildPhase section */

/* Begin PBXFileReference section */
		00D759712DFF839F00E8D14A /* HeartMonitor.app */ = {isa = PBXFileReference; explicitFileType = wrapper.application; includeInIndex = 0; path = HeartMonitor.app; sourceTree = BUILT_PRODUCTS_DIR; };
		00D759852DFF83A000E8D14A /* HeartMonitorTests.xctest */ = {isa = PBXFileReference; explicitFileType = wrapper.cfbundle; includeInIndex = 0; path = HeartMonitorTests.xctest; sourceTree = BUILT_PRODUCTS_DIR; };
		00D7598F2DFF83A000E8D14A /* HeartMonitorUITests.xctest */ = {isa = PBXFileReference; explicitFileType = wrapper.cfbundle; includeInIndex = 0; path = HeartMonitorUITests.xctest; sourceTree = BUILT_PRODUCTS_DIR; };
		00D759A72DFF853600E8D14A /* HeartMonitor WatchApp Watch App.app */ = {isa = PBXFileReference; explicitFileType = wrapper.application; includeInIndex = 0; path = "HeartMonitor WatchApp Watch App.app"; sourceTree = BUILT_PRODUCTS_DIR; };
		00D759B32DFF853700E8D14A /* HeartMonitor WatchApp Watch AppTests.xctest */ = {isa = PBXFileReference; explicitFileType = wrapper.cfbundle; includeInIndex = 0; path = "HeartMonitor WatchApp Watch AppTests.xctest"; sourceTree = BUILT_PRODUCTS_DIR; };
		00D759BD2DFF853800E8D14A /* HeartMonitor WatchApp Watch AppUITests.xctest */ = {isa = PBXFileReference; explicitFileType = wrapper.cfbundle; includeInIndex = 0; path = "HeartMonitor WatchApp Watch AppUITests.xctest"; sourceTree = BUILT_PRODUCTS_DIR; };
/* End PBXFileReference section */

/* Begin PBXFileSystemSynchronizedBuildFileExceptionSet section */
		00D759972DFF83A000E8D14A /* Exceptions for "HeartMonitor" folder in "HeartMonitor" target */ = {
			isa = PBXFileSystemSynchronizedBuildFileExceptionSet;
			membershipExceptions = (
				Info.plist,
			);
			target = 00D759702DFF839F00E8D14A /* HeartMonitor */;
		};
/* End PBXFileSystemSynchronizedBuildFileExceptionSet section */

/* Begin PBXFileSystemSynchronizedRootGroup section */
		00D759732DFF839F00E8D14A /* HeartMonitor */ = {
			isa = PBXFileSystemSynchronizedRootGroup;
			exceptions = (
				00D759972DFF83A000E8D14A /* Exceptions for "HeartMonitor" folder in "HeartMonitor" target */,
			);
			path = HeartMonitor;
			sourceTree = "<group>";
		};
		00D759882DFF83A000E8D14A /* HeartMonitorTests */ = {
			isa = PBXFileSystemSynchronizedRootGroup;
			path = HeartMonitorTests;
			sourceTree = "<group>";
		};
		00D759922DFF83A000E8D14A /* HeartMonitorUITests */ = {
			isa = PBXFileSystemSynchronizedRootGroup;
			path = HeartMonitorUITests;
			sourceTree = "<group>";
		};
		00D759A82DFF853600E8D14A /* HeartMonitor WatchApp Watch App */ = {
			isa = PBXFileSystemSynchronizedRootGroup;
			path = "HeartMonitor WatchApp Watch App";
			sourceTree = "<group>";
		};
		00D759B62DFF853800E8D14A /* HeartMonitor WatchApp Watch AppTests */ = {
			isa = PBXFileSystemSynchronizedRootGroup;
			path = "HeartMonitor WatchApp Watch AppTests";
			sourceTree = "<group>";
		};
		00D759C02DFF853800E8D14A /* HeartMonitor WatchApp Watch AppUITests */ = {
			isa = PBXFileSystemSynchronizedRootGroup;
			path = "HeartMonitor WatchApp Watch AppUITests";
			sourceTree = "<group>";
		};
/* End PBXFileSystemSynchronizedRootGroup section */

/* Begin PBXFrameworksBuildPhase section */
		00D7596E2DFF839F00E8D14A /* Frameworks */ = {
			isa = PBXFrameworksBuildPhase;
			buildActionMask = 2147483647;
			files = (
			);
			runOnlyForDeploymentPostprocessing = 0;
		};
		00D759822DFF83A000E8D14A /* Frameworks */ = {
			isa = PBXFrameworksBuildPhase;
			buildActionMask = 2147483647;
			files = (
			);
			runOnlyForDeploymentPostprocessing = 0;
		};
		00D7598C2DFF83A000E8D14A /* Frameworks */ = {
			isa = PBXFrameworksBuildPhase;
			buildActionMask = 2147483647;
			files = (
			);
			runOnlyForDeploymentPostprocessing = 0;
		};
		00D759A42DFF853600E8D14A /* Frameworks */ = {
			isa = PBXFrameworksBuildPhase;
			buildActionMask = 2147483647;
			files = (
			);
			runOnlyForDeploymentPostprocessing = 0;
		};
		00D759B02DFF853700E8D14A /* Frameworks */ = {
			isa = PBXFrameworksBuildPhase;
			buildActionMask = 2147483647;
			files = (
			);
			runOnlyForDeploymentPostprocessing = 0;
		};
		00D759BA2DFF853800E8D14A /* Frameworks */ = {
			isa = PBXFrameworksBuildPhase;
			buildActionMask = 2147483647;
			files = (
			);
			runOnlyForDeploymentPostprocessing = 0;
		};
/* End PBXFrameworksBuildPhase section */

/* Begin PBXGroup section */
		00D759682DFF839F00E8D14A = {
			isa = PBXGroup;
			children = (
				00D759732DFF839F00E8D14A /* HeartMonitor */,
				00D759882DFF83A000E8D14A /* HeartMonitorTests */,
				00D759922DFF83A000E8D14A /* HeartMonitorUITests */,
				00D759A82DFF853600E8D14A /* HeartMonitor WatchApp Watch App */,
				00D759B62DFF853800E8D14A /* HeartMonitor WatchApp Watch AppTests */,
				00D759C02DFF853800E8D14A /* HeartMonitor WatchApp Watch AppUITests */,
				00D759722DFF839F00E8D14A /* Products */,
			);
			sourceTree = "<group>";
		};
		00D759722DFF839F00E8D14A /* Products */ = {
			isa = PBXGroup;
			children = (
				00D759712DFF839F00E8D14A /* HeartMonitor.app */,
				00D759852DFF83A000E8D14A /* HeartMonitorTests.xctest */,
				00D7598F2DFF83A000E8D14A /* HeartMonitorUITests.xctest */,
				00D759A72DFF853600E8D14A /* HeartMonitor WatchApp Watch App.app */,
				00D759B32DFF853700E8D14A /* HeartMonitor WatchApp Watch AppTests.xctest */,
				00D759BD2DFF853800E8D14A /* HeartMonitor WatchApp Watch AppUITests.xctest */,
			);
			name = Products;
			sourceTree = "<group>";
		};
/* End PBXGroup section */

/* Begin PBXNativeTarget section */
		00D759702DFF839F00E8D14A /* HeartMonitor */ = {
			isa = PBXNativeTarget;
			buildConfigurationList = 00D759982DFF83A000E8D14A /* Build configuration list for PBXNativeTarget "HeartMonitor" */;
			buildPhases = (
				00D7596D2DFF839F00E8D14A /* Sources */,
				00D7596E2DFF839F00E8D14A /* Frameworks */,
				00D7596F2DFF839F00E8D14A /* Resources */,
				00D759CB2DFF853800E8D14A /* Embed Watch Content */,
			);
			buildRules = (
			);
			dependencies = (
				00D759C62DFF853800E8D14A /* PBXTargetDependency */,
			);
			fileSystemSynchronizedGroups = (
				00D759732DFF839F00E8D14A /* HeartMonitor */,
			);
			name = HeartMonitor;
			packageProductDependencies = (
			);
			productName = HeartMonitor;
			productReference = 00D759712DFF839F00E8D14A /* HeartMonitor.app */;
			productType = "com.apple.product-type.application";
		};
		00D759842DFF83A000E8D14A /* HeartMonitorTests */ = {
			isa = PBXNativeTarget;
			buildConfigurationList = 00D7599D2DFF83A000E8D14A /* Build configuration list for PBXNativeTarget "HeartMonitorTests" */;
			buildPhases = (
				00D759812DFF83A000E8D14A /* Sources */,
				00D759822DFF83A000E8D14A /* Frameworks */,
				00D759832DFF83A000E8D14A /* Resources */,
			);
			buildRules = (
			);
			dependencies = (
				00D759872DFF83A000E8D14A /* PBXTargetDependency */,
			);
			fileSystemSynchronizedGroups = (
				00D759882DFF83A000E8D14A /* HeartMonitorTests */,
			);
			name = HeartMonitorTests;
			packageProductDependencies = (
			);
			productName = HeartMonitorTests;
			productReference = 00D759852DFF83A000E8D14A /* HeartMonitorTests.xctest */;
			productType = "com.apple.product-type.bundle.unit-test";
		};
		00D7598E2DFF83A000E8D14A /* HeartMonitorUITests */ = {
			isa = PBXNativeTarget;
			buildConfigurationList = 00D759A02DFF83A000E8D14A /* Build configuration list for PBXNativeTarget "HeartMonitorUITests" */;
			buildPhases = (
				00D7598B2DFF83A000E8D14A /* Sources */,
				00D7598C2DFF83A000E8D14A /* Frameworks */,
				00D7598D2DFF83A000E8D14A /* Resources */,
			);
			buildRules = (
			);
			dependencies = (
				00D759912DFF83A000E8D14A /* PBXTargetDependency */,
			);
			fileSystemSynchronizedGroups = (
				00D759922DFF83A000E8D14A /* HeartMonitorUITests */,
			);
			name = HeartMonitorUITests;
			packageProductDependencies = (
			);
			productName = HeartMonitorUITests;
			productReference = 00D7598F2DFF83A000E8D14A /* HeartMonitorUITests.xctest */;
			productType = "com.apple.product-type.bundle.ui-testing";
		};
		00D759A62DFF853600E8D14A /* HeartMonitor WatchApp Watch App */ = {
			isa = PBXNativeTarget;
			buildConfigurationList = 00D759C82DFF853800E8D14A /* Build configuration list for PBXNativeTarget "HeartMonitor WatchApp Watch App" */;
			buildPhases = (
				00D759A32DFF853600E8D14A /* Sources */,
				00D759A42DFF853600E8D14A /* Frameworks */,
				00D759A52DFF853600E8D14A /* Resources */,
			);
			buildRules = (
			);
			dependencies = (
			);
			fileSystemSynchronizedGroups = (
				00D759A82DFF853600E8D14A /* HeartMonitor WatchApp Watch App */,
			);
			name = "HeartMonitor WatchApp Watch App";
			packageProductDependencies = (
			);
			productName = "HeartMonitor WatchApp Watch App";
			productReference = 00D759A72DFF853600E8D14A /* HeartMonitor WatchApp Watch App.app */;
			productType = "com.apple.product-type.application";
		};
		00D759B22DFF853700E8D14A /* HeartMonitor WatchApp Watch AppTests */ = {
			isa = PBXNativeTarget;
			buildConfigurationList = 00D759CC2DFF853800E8D14A /* Build configuration list for PBXNativeTarget "HeartMonitor WatchApp Watch AppTests" */;
			buildPhases = (
				00D759AF2DFF853700E8D14A /* Sources */,
				00D759B02DFF853700E8D14A /* Frameworks */,
				00D759B12DFF853700E8D14A /* Resources */,
			);
			buildRules = (
			);
			dependencies = (
				00D759B52DFF853800E8D14A /* PBXTargetDependency */,
			);
			fileSystemSynchronizedGroups = (
				00D759B62DFF853800E8D14A /* HeartMonitor WatchApp Watch AppTests */,
			);
			name = "HeartMonitor WatchApp Watch AppTests";
			packageProductDependencies = (
			);
			productName = "HeartMonitor WatchApp Watch AppTests";
			productReference = 00D759B32DFF853700E8D14A /* HeartMonitor WatchApp Watch AppTests.xctest */;
			productType = "com.apple.product-type.bundle.unit-test";
		};
		00D759BC2DFF853800E8D14A /* HeartMonitor WatchApp Watch AppUITests */ = {
			isa = PBXNativeTarget;
			buildConfigurationList = 00D759CF2DFF853800E8D14A /* Build configuration list for PBXNativeTarget "HeartMonitor WatchApp Watch AppUITests" */;
			buildPhases = (
				00D759B92DFF853800E8D14A /* Sources */,
				00D759BA2DFF853800E8D14A /* Frameworks */,
				00D759BB2DFF853800E8D14A /* Resources */,
			);
			buildRules = (
			);
			dependencies = (
				00D759BF2DFF853800E8D14A /* PBXTargetDependency */,
			);
			fileSystemSynchronizedGroups = (
				00D759C02DFF853800E8D14A /* HeartMonitor WatchApp Watch AppUITests */,
			);
			name = "HeartMonitor WatchApp Watch AppUITests";
			packageProductDependencies = (
			);
			productName = "HeartMonitor WatchApp Watch AppUITests";
			productReference = 00D759BD2DFF853800E8D14A /* HeartMonitor WatchApp Watch AppUITests.xctest */;
			productType = "com.apple.product-type.bundle.ui-testing";
		};
/* End PBXNativeTarget section */

/* Begin PBXProject section */
		00D759692DFF839F00E8D14A /* Project object */ = {
			isa = PBXProject;
			attributes = {
				BuildIndependentTargetsInParallel = 1;
				LastSwiftUpdateCheck = 1640;
				LastUpgradeCheck = 1640;
				TargetAttributes = {
					00D759702DFF839F00E8D14A = {
						CreatedOnToolsVersion = 16.4;
					};
					00D759842DFF83A000E8D14A = {
						CreatedOnToolsVersion = 16.4;
						TestTargetID = 00D759702DFF839F00E8D14A;
					};
					00D7598E2DFF83A000E8D14A = {
						CreatedOnToolsVersion = 16.4;
						TestTargetID = 00D759702DFF839F00E8D14A;
					};
					00D759A62DFF853600E8D14A = {
						CreatedOnToolsVersion = 16.4;
					};
					00D759B22DFF853700E8D14A = {
						CreatedOnToolsVersion = 16.4;
						TestTargetID = 00D759A62DFF853600E8D14A;
					};
					00D759BC2DFF853800E8D14A = {
						CreatedOnToolsVersion = 16.4;
						TestTargetID = 00D759A62DFF853600E8D14A;
					};
				};
			};
			buildConfigurationList = 00D7596C2DFF839F00E8D14A /* Build configuration list for PBXProject "HeartMonitor" */;
			developmentRegion = en;
			hasScannedForEncodings = 0;
			knownRegions = (
				en,
				Base,
			);
			mainGroup = 00D759682DFF839F00E8D14A;
			minimizedProjectReferenceProxies = 1;
			preferredProjectObjectVersion = 77;
			productRefGroup = 00D759722DFF839F00E8D14A /* Products */;
			projectDirPath = "";
			projectRoot = "";
			targets = (
				00D759702DFF839F00E8D14A /* HeartMonitor */,
				00D759842DFF83A000E8D14A /* HeartMonitorTests */,
				00D7598E2DFF83A000E8D14A /* HeartMonitorUITests */,
				00D759A62DFF853600E8D14A /* HeartMonitor WatchApp Watch App */,
				00D759B22DFF853700E8D14A /* HeartMonitor WatchApp Watch AppTests */,
				00D759BC2DFF853800E8D14A /* HeartMonitor WatchApp Watch AppUITests */,
			);
		};
/* End PBXProject section */

/* Begin PBXResourcesBuildPhase section */
		00D7596F2DFF839F00E8D14A /* Resources */ = {
			isa = PBXResourcesBuildPhase;
			buildActionMask = 2147483647;
			files = (
			);
			runOnlyForDeploymentPostprocessing = 0;
		};
		00D759832DFF83A000E8D14A /* Resources */ = {
			isa = PBXResourcesBuildPhase;
			buildActionMask = 2147483647;
			files = (
			);
			runOnlyForDeploymentPostprocessing = 0;
		};
		00D7598D2DFF83A000E8D14A /* Resources */ = {
			isa = PBXResourcesBuildPhase;
			buildActionMask = 2147483647;
			files = (
			);
			runOnlyForDeploymentPostprocessing = 0;
		};
		00D759A52DFF853600E8D14A /* Resources */ = {
			isa = PBXResourcesBuildPhase;
			buildActionMask = 2147483647;
			files = (
			);
			runOnlyForDeploymentPostprocessing = 0;
		};
		00D759B12DFF853700E8D14A /* Resources */ = {
			isa = PBXResourcesBuildPhase;
			buildActionMask = 2147483647;
			files = (
			);
			runOnlyForDeploymentPostprocessing = 0;
		};
		00D759BB2DFF853800E8D14A /* Resources */ = {
			isa = PBXResourcesBuildPhase;
			buildActionMask = 2147483647;
			files = (
			);
			runOnlyForDeploymentPostprocessing = 0;
		};
/* End PBXResourcesBuildPhase section */

/* Begin PBXSourcesBuildPhase section */
		00D7596D2DFF839F00E8D14A /* Sources */ = {
			isa = PBXSourcesBuildPhase;
			buildActionMask = 2147483647;
			files = (
			);
			runOnlyForDeploymentPostprocessing = 0;
		};
		00D759812DFF83A000E8D14A /* Sources */ = {
			isa = PBXSourcesBuildPhase;
			buildActionMask = 2147483647;
			files = (
			);
			runOnlyForDeploymentPostprocessing = 0;
		};
		00D7598B2DFF83A000E8D14A /* Sources */ = {
			isa = PBXSourcesBuildPhase;
			buildActionMask = 2147483647;
			files = (
			);
			runOnlyForDeploymentPostprocessing = 0;
		};
		00D759A32DFF853600E8D14A /* Sources */ = {
			isa = PBXSourcesBuildPhase;
			buildActionMask = 2147483647;
			files = (
			);
			runOnlyForDeploymentPostprocessing = 0;
		};
		00D759AF2DFF853700E8D14A /* Sources */ = {
			isa = PBXSourcesBuildPhase;
			buildActionMask = 2147483647;
			files = (
			);
			runOnlyForDeploymentPostprocessing = 0;
		};
		00D759B92DFF853800E8D14A /* Sources */ = {
			isa = PBXSourcesBuildPhase;
			buildActionMask = 2147483647;
			files = (
			);
			runOnlyForDeploymentPostprocessing = 0;
		};
/* End PBXSourcesBuildPhase section */

/* Begin PBXTargetDependency section */
		00D759872DFF83A000E8D14A /* PBXTargetDependency */ = {
			isa = PBXTargetDependency;
			target = 00D759702DFF839F00E8D14A /* HeartMonitor */;
			targetProxy = 00D759862DFF83A000E8D14A /* PBXContainerItemProxy */;
		};
		00D759912DFF83A000E8D14A /* PBXTargetDependency */ = {
			isa = PBXTargetDependency;
			target = 00D759702DFF839F00E8D14A /* HeartMonitor */;
			targetProxy = 00D759902DFF83A000E8D14A /* PBXContainerItemProxy */;
		};
		00D759B52DFF853800E8D14A /* PBXTargetDependency */ = {
			isa = PBXTargetDependency;
			target = 00D759A62DFF853600E8D14A /* HeartMonitor WatchApp Watch App */;
			targetProxy = 00D759B42DFF853800E8D14A /* PBXContainerItemProxy */;
		};
		00D759BF2DFF853800E8D14A /* PBXTargetDependency */ = {
			isa = PBXTargetDependency;
			target = 00D759A62DFF853600E8D14A /* HeartMonitor WatchApp Watch App */;
			targetProxy = 00D759BE2DFF853800E8D14A /* PBXContainerItemProxy */;
		};
		00D759C62DFF853800E8D14A /* PBXTargetDependency */ = {
			isa = PBXTargetDependency;
			target = 00D759A62DFF853600E8D14A /* HeartMonitor WatchApp Watch App */;
			targetProxy = 00D759C52DFF853800E8D14A /* PBXContainerItemProxy */;
		};
/* End PBXTargetDependency section */

/* Begin XCBuildConfiguration section */
		00D759992DFF83A000E8D14A /* Debug */ = {
			isa = XCBuildConfiguration;
			buildSettings = {
				ASSETCATALOG_COMPILER_APPICON_NAME = AppIcon;
				ASSETCATALOG_COMPILER_GLOBAL_ACCENT_COLOR_NAME = AccentColor;
				CODE_SIGN_ENTITLEMENTS = HeartMonitor/HeartMonitor.entitlements;
				CODE_SIGN_STYLE = Automatic;
				CURRENT_PROJECT_VERSION = 1;
				ENABLE_PREVIEWS = YES;
				GENERATE_INFOPLIST_FILE = YES;
				INFOPLIST_FILE = HeartMonitor/Info.plist;
				INFOPLIST_KEY_UIApplicationSceneManifest_Generation = YES;
				INFOPLIST_KEY_UIApplicationSupportsIndirectInputEvents = YES;
				INFOPLIST_KEY_UILaunchScreen_Generation = YES;
				INFOPLIST_KEY_UISupportedInterfaceOrientations_iPad = "UIInterfaceOrientationPortrait UIInterfaceOrientationPortraitUpsideDown UIInterfaceOrientationLandscapeLeft UIInterfaceOrientationLandscapeRight";
				INFOPLIST_KEY_UISupportedInterfaceOrientations_iPhone = "UIInterfaceOrientationPortrait UIInterfaceOrientationLandscapeLeft UIInterfaceOrientationLandscapeRight";
				LD_RUNPATH_SEARCH_PATHS = (
					"$(inherited)",
					"@executable_path/Frameworks",
				);
				MARKETING_VERSION = 1.0;
				PRODUCT_BUNDLE_IDENTIFIER = com.anirudhpatel.HeartMonitor;
				PRODUCT_NAME = "$(TARGET_NAME)";
				SWIFT_EMIT_LOC_STRINGS = YES;
				SWIFT_VERSION = 5.0;
				TARGETED_DEVICE_FAMILY = "1,2";
			};
			name = Debug;
		};
		00D7599A2DFF83A000E8D14A /* Release */ = {
			isa = XCBuildConfiguration;
			buildSettings = {
				ASSETCATALOG_COMPILER_APPICON_NAME = AppIcon;
				ASSETCATALOG_COMPILER_GLOBAL_ACCENT_COLOR_NAME = AccentColor;
				CODE_SIGN_ENTITLEMENTS = HeartMonitor/HeartMonitor.entitlements;
				CODE_SIGN_STYLE = Automatic;
				CURRENT_PROJECT_VERSION = 1;
				ENABLE_PREVIEWS = YES;
				GENERATE_INFOPLIST_FILE = YES;
				INFOPLIST_FILE = HeartMonitor/Info.plist;
				INFOPLIST_KEY_UIApplicationSceneManifest_Generation = YES;
				INFOPLIST_KEY_UIApplicationSupportsIndirectInputEvents = YES;
				INFOPLIST_KEY_UILaunchScreen_Generation = YES;
				INFOPLIST_KEY_UISupportedInterfaceOrientations_iPad = "UIInterfaceOrientationPortrait UIInterfaceOrientationPortraitUpsideDown UIInterfaceOrientationLandscapeLeft UIInterfaceOrientationLandscapeRight";
				INFOPLIST_KEY_UISupportedInterfaceOrientations_iPhone = "UIInterfaceOrientationPortrait UIInterfaceOrientationLandscapeLeft UIInterfaceOrientationLandscapeRight";
				LD_RUNPATH_SEARCH_PATHS = (
					"$(inherited)",
					"@executable_path/Frameworks",
				);
				MARKETING_VERSION = 1.0;
				PRODUCT_BUNDLE_IDENTIFIER = com.anirudhpatel.HeartMonitor;
				PRODUCT_NAME = "$(TARGET_NAME)";
				SWIFT_EMIT_LOC_STRINGS = YES;
				SWIFT_VERSION = 5.0;
				TARGETED_DEVICE_FAMILY = "1,2";
			};
			name = Release;
		};
		00D7599B2DFF83A000E8D14A /* Debug */ = {
			isa = XCBuildConfiguration;
			buildSettings = {
				ALWAYS_SEARCH_USER_PATHS = NO;
				ASSETCATALOG_COMPILER_GENERATE_SWIFT_ASSET_SYMBOL_EXTENSIONS = YES;
				CLANG_ANALYZER_NONNULL = YES;
				CLANG_ANALYZER_NUMBER_OBJECT_CONVERSION = YES_AGGRESSIVE;
				CLANG_CXX_LANGUAGE_STANDARD = "gnu++20";
				CLANG_ENABLE_MODULES = YES;
				CLANG_ENABLE_OBJC_ARC = YES;
				CLANG_ENABLE_OBJC_WEAK = YES;
				CLANG_WARN_BLOCK_CAPTURE_AUTORELEASING = YES;
				CLANG_WARN_BOOL_CONVERSION = YES;
				CLANG_WARN_COMMA = YES;
				CLANG_WARN_CONSTANT_CONVERSION = YES;
				CLANG_WARN_DEPRECATED_OBJC_IMPLEMENTATIONS = YES;
				CLANG_WARN_DIRECT_OBJC_ISA_USAGE = YES_ERROR;
				CLANG_WARN_DOCUMENTATION_COMMENTS = YES;
				CLANG_WARN_EMPTY_BODY = YES;
				CLANG_WARN_ENUM_CONVERSION = YES;
				CLANG_WARN_INFINITE_RECURSION = YES;
				CLANG_WARN_INT_CONVERSION = YES;
				CLANG_WARN_NON_LITERAL_NULL_CONVERSION = YES;
				CLANG_WARN_OBJC_IMPLICIT_RETAIN_SELF = YES;
				CLANG_WARN_OBJC_LITERAL_CONVERSION = YES;
				CLANG_WARN_OBJC_ROOT_CLASS = YES_ERROR;
				CLANG_WARN_QUOTED_INCLUDE_IN_FRAMEWORK_HEADER = YES;
				CLANG_WARN_RANGE_LOOP_ANALYSIS = YES;
				CLANG_WARN_STRICT_PROTOTYPES = YES;
				CLANG_WARN_SUSPICIOUS_MOVE = YES;
				CLANG_WARN_UNGUARDED_AVAILABILITY = YES_AGGRESSIVE;
				CLANG_WARN_UNREACHABLE_CODE = YES;
				CLANG_WARN__DUPLICATE_METHOD_MATCH = YES;
				COPY_PHASE_STRIP = NO;
				DEBUG_INFORMATION_FORMAT = dwarf;
				ENABLE_STRICT_OBJC_MSGSEND = YES;
				ENABLE_TESTABILITY = YES;
				ENABLE_USER_SCRIPT_SANDBOXING = YES;
				GCC_C_LANGUAGE_STANDARD = gnu17;
				GCC_DYNAMIC_NO_PIC = NO;
				GCC_NO_COMMON_BLOCKS = YES;
				GCC_OPTIMIZATION_LEVEL = 0;
				GCC_PREPROCESSOR_DEFINITIONS = (
					"DEBUG=1",
					"$(inherited)",
				);
				GCC_WARN_64_TO_32_BIT_CONVERSION = YES;
				GCC_WARN_ABOUT_RETURN_TYPE = YES_ERROR;
				GCC_WARN_UNDECLARED_SELECTOR = YES;
				GCC_WARN_UNINITIALIZED_AUTOS = YES_AGGRESSIVE;
				GCC_WARN_UNUSED_FUNCTION = YES;
				GCC_WARN_UNUSED_VARIABLE = YES;
				IPHONEOS_DEPLOYMENT_TARGET = 18.5;
				LOCALIZATION_PREFERS_STRING_CATALOGS = YES;
				MTL_ENABLE_DEBUG_INFO = INCLUDE_SOURCE;
				MTL_FAST_MATH = YES;
				ONLY_ACTIVE_ARCH = YES;
				SDKROOT = iphoneos;
				SWIFT_ACTIVE_COMPILATION_CONDITIONS = "DEBUG $(inherited)";
				SWIFT_OPTIMIZATION_LEVEL = "-Onone";
			};
			name = Debug;
		};
		00D7599C2DFF83A000E8D14A /* Release */ = {
			isa = XCBuildConfiguration;
			buildSettings = {
				ALWAYS_SEARCH_USER_PATHS = NO;
				ASSETCATALOG_COMPILER_GENERATE_SWIFT_ASSET_SYMBOL_EXTENSIONS = YES;
				CLANG_ANALYZER_NONNULL = YES;
				CLANG_ANALYZER_NUMBER_OBJECT_CONVERSION = YES_AGGRESSIVE;
				CLANG_CXX_LANGUAGE_STANDARD = "gnu++20";
				CLANG_ENABLE_MODULES = YES;
				CLANG_ENABLE_OBJC_ARC = YES;
				CLANG_ENABLE_OBJC_WEAK = YES;
				CLANG_WARN_BLOCK_CAPTURE_AUTORELEASING = YES;
				CLANG_WARN_BOOL_CONVERSION = YES;
				CLANG_WARN_COMMA = YES;
				CLANG_WARN_CONSTANT_CONVERSION = YES;
				CLANG_WARN_DEPRECATED_OBJC_IMPLEMENTATIONS = YES;
				CLANG_WARN_DIRECT_OBJC_ISA_USAGE = YES_ERROR;
				CLANG_WARN_DOCUMENTATION_COMMENTS = YES;
				CLANG_WARN_EMPTY_BODY = YES;
				CLANG_WARN_ENUM_CONVERSION = YES;
				CLANG_WARN_INFINITE_RECURSION = YES;
				CLANG_WARN_INT_CONVERSION = YES;
				CLANG_WARN_NON_LITERAL_NULL_CONVERSION = YES;
				CLANG_WARN_OBJC_IMPLICIT_RETAIN_SELF = YES;
				CLANG_WARN_OBJC_LITERAL_CONVERSION = YES;
				CLANG_WARN_OBJC_ROOT_CLASS = YES_ERROR;
				CLANG_WARN_QUOTED_INCLUDE_IN_FRAMEWORK_HEADER = YES;
				CLANG_WARN_RANGE_LOOP_ANALYSIS = YES;
				CLANG_WARN_STRICT_PROTOTYPES = YES;
				CLANG_WARN_SUSPICIOUS_MOVE = YES;
				CLANG_WARN_UNGUARDED_AVAILABILITY = YES_AGGRESSIVE;
				CLANG_WARN_UNREACHABLE_CODE = YES;
				CLANG_WARN__DUPLICATE_METHOD_MATCH = YES;
				COPY_PHASE_STRIP = NO;
				DEBUG_INFORMATION_FORMAT = "dwarf-with-dsym";
				ENABLE_NS_ASSERTIONS = NO;
				ENABLE_STRICT_OBJC_MSGSEND = YES;
				ENABLE_USER_SCRIPT_SANDBOXING = YES;
				GCC_C_LANGUAGE_STANDARD = gnu17;
				GCC_NO_COMMON_BLOCKS = YES;
				GCC_WARN_64_TO_32_BIT_CONVERSION = YES;
				GCC_WARN_ABOUT_RETURN_TYPE = YES_ERROR;
				GCC_WARN_UNDECLARED_SELECTOR = YES;
				GCC_WARN_UNINITIALIZED_AUTOS = YES_AGGRESSIVE;
				GCC_WARN_UNUSED_FUNCTION = YES;
				GCC_WARN_UNUSED_VARIABLE = YES;
				IPHONEOS_DEPLOYMENT_TARGET = 18.5;
				LOCALIZATION_PREFERS_STRING_CATALOGS = YES;
				MTL_ENABLE_DEBUG_INFO = NO;
				MTL_FAST_MATH = YES;
				SDKROOT = iphoneos;
				SWIFT_COMPILATION_MODE = wholemodule;
				VALIDATE_PRODUCT = YES;
			};
			name = Release;
		};
		00D7599E2DFF83A000E8D14A /* Debug */ = {
			isa = XCBuildConfiguration;
			buildSettings = {
				BUNDLE_LOADER = "$(TEST_HOST)";
				CODE_SIGN_STYLE = Automatic;
				CURRENT_PROJECT_VERSION = 1;
				GENERATE_INFOPLIST_FILE = YES;
				IPHONEOS_DEPLOYMENT_TARGET = 18.5;
				MARKETING_VERSION = 1.0;
				PRODUCT_BUNDLE_IDENTIFIER = com.anirudhpatel.HeartMonitorTests;
				PRODUCT_NAME = "$(TARGET_NAME)";
				SWIFT_EMIT_LOC_STRINGS = NO;
				SWIFT_VERSION = 5.0;
				TARGETED_DEVICE_FAMILY = "1,2";
				TEST_HOST = "$(BUILT_PRODUCTS_DIR)/HeartMonitor.app/$(BUNDLE_EXECUTABLE_FOLDER_PATH)/HeartMonitor";
			};
			name = Debug;
		};
		00D7599F2DFF83A000E8D14A /* Release */ = {
			isa = XCBuildConfiguration;
			buildSettings = {
				BUNDLE_LOADER = "$(TEST_HOST)";
				CODE_SIGN_STYLE = Automatic;
				CURRENT_PROJECT_VERSION = 1;
				GENERATE_INFOPLIST_FILE = YES;
				IPHONEOS_DEPLOYMENT_TARGET = 18.5;
				MARKETING_VERSION = 1.0;
				PRODUCT_BUNDLE_IDENTIFIER = com.anirudhpatel.HeartMonitorTests;
				PRODUCT_NAME = "$(TARGET_NAME)";
				SWIFT_EMIT_LOC_STRINGS = NO;
				SWIFT_VERSION = 5.0;
				TARGETED_DEVICE_FAMILY = "1,2";
				TEST_HOST = "$(BUILT_PRODUCTS_DIR)/HeartMonitor.app/$(BUNDLE_EXECUTABLE_FOLDER_PATH)/HeartMonitor";
			};
			name = Release;
		};
		00D759A12DFF83A000E8D14A /* Debug */ = {
			isa = XCBuildConfiguration;
			buildSettings = {
				CODE_SIGN_STYLE = Automatic;
				CURRENT_PROJECT_VERSION = 1;
				GENERATE_INFOPLIST_FILE = YES;
				MARKETING_VERSION = 1.0;
				PRODUCT_BUNDLE_IDENTIFIER = com.anirudhpatel.HeartMonitorUITests;
				PRODUCT_NAME = "$(TARGET_NAME)";
				SWIFT_EMIT_LOC_STRINGS = NO;
				SWIFT_VERSION = 5.0;
				TARGETED_DEVICE_FAMILY = "1,2";
				TEST_TARGET_NAME = HeartMonitor;
			};
			name = Debug;
		};
		00D759A22DFF83A000E8D14A /* Release */ = {
			isa = XCBuildConfiguration;
			buildSettings = {
				CODE_SIGN_STYLE = Automatic;
				CURRENT_PROJECT_VERSION = 1;
				GENERATE_INFOPLIST_FILE = YES;
				MARKETING_VERSION = 1.0;
				PRODUCT_BUNDLE_IDENTIFIER = com.anirudhpatel.HeartMonitorUITests;
				PRODUCT_NAME = "$(TARGET_NAME)";
				SWIFT_EMIT_LOC_STRINGS = NO;
				SWIFT_VERSION = 5.0;
				TARGETED_DEVICE_FAMILY = "1,2";
				TEST_TARGET_NAME = HeartMonitor;
			};
			name = Release;
		};
		00D759C92DFF853800E8D14A /* Debug */ = {
			isa = XCBuildConfiguration;
			buildSettings = {
				ASSETCATALOG_COMPILER_APPICON_NAME = AppIcon;
				ASSETCATALOG_COMPILER_GLOBAL_ACCENT_COLOR_NAME = AccentColor;
				CODE_SIGN_STYLE = Automatic;
				CURRENT_PROJECT_VERSION = 1;
				ENABLE_PREVIEWS = YES;
				GENERATE_INFOPLIST_FILE = YES;
				INFOPLIST_KEY_CFBundleDisplayName = "HeartMonitor WatchApp";
				INFOPLIST_KEY_UISupportedInterfaceOrientations = "UIInterfaceOrientationPortrait UIInterfaceOrientationPortraitUpsideDown";
				INFOPLIST_KEY_WKCompanionAppBundleIdentifier = com.anirudhpatel.HeartMonitor;
				LD_RUNPATH_SEARCH_PATHS = (
					"$(inherited)",
					"@executable_path/Frameworks",
				);
				MARKETING_VERSION = 1.0;
				PRODUCT_BUNDLE_IDENTIFIER = com.anirudhpatel.HeartMonitor.watchkitapp;
				PRODUCT_NAME = "$(TARGET_NAME)";
				SDKROOT = watchos;
				SKIP_INSTALL = YES;
				SWIFT_EMIT_LOC_STRINGS = YES;
				SWIFT_VERSION = 5.0;
				TARGETED_DEVICE_FAMILY = 4;
				WATCHOS_DEPLOYMENT_TARGET = 11.5;
			};
			name = Debug;
		};
		00D759CA2DFF853800E8D14A /* Release */ = {
			isa = XCBuildConfiguration;
			buildSettings = {
				ASSETCATALOG_COMPILER_APPICON_NAME = AppIcon;
				ASSETCATALOG_COMPILER_GLOBAL_ACCENT_COLOR_NAME = AccentColor;
				CODE_SIGN_STYLE = Automatic;
				CURRENT_PROJECT_VERSION = 1;
				ENABLE_PREVIEWS = YES;
				GENERATE_INFOPLIST_FILE = YES;
				INFOPLIST_KEY_CFBundleDisplayName = "HeartMonitor WatchApp";
				INFOPLIST_KEY_UISupportedInterfaceOrientations = "UIInterfaceOrientationPortrait UIInterfaceOrientationPortraitUpsideDown";
				INFOPLIST_KEY_WKCompanionAppBundleIdentifier = com.anirudhpatel.HeartMonitor;
				LD_RUNPATH_SEARCH_PATHS = (
					"$(inherited)",
					"@executable_path/Frameworks",
				);
				MARKETING_VERSION = 1.0;
				PRODUCT_BUNDLE_IDENTIFIER = com.anirudhpatel.HeartMonitor.watchkitapp;
				PRODUCT_NAME = "$(TARGET_NAME)";
				SDKROOT = watchos;
				SKIP_INSTALL = YES;
				SWIFT_EMIT_LOC_STRINGS = YES;
				SWIFT_VERSION = 5.0;
				TARGETED_DEVICE_FAMILY = 4;
				WATCHOS_DEPLOYMENT_TARGET = 11.5;
			};
			name = Release;
		};
		00D759CD2DFF853800E8D14A /* Debug */ = {
			isa = XCBuildConfiguration;
			buildSettings = {
				BUNDLE_LOADER = "$(TEST_HOST)";
				CODE_SIGN_STYLE = Automatic;
				CURRENT_PROJECT_VERSION = 1;
				GENERATE_INFOPLIST_FILE = YES;
				MARKETING_VERSION = 1.0;
				PRODUCT_BUNDLE_IDENTIFIER = "com.anirudhpatel.HeartMonitor-WatchApp-Watch-AppTests";
				PRODUCT_NAME = "$(TARGET_NAME)";
				SDKROOT = watchos;
				SWIFT_EMIT_LOC_STRINGS = NO;
				SWIFT_VERSION = 5.0;
				TARGETED_DEVICE_FAMILY = 4;
				TEST_HOST = "$(BUILT_PRODUCTS_DIR)/HeartMonitor WatchApp Watch App.app/$(BUNDLE_EXECUTABLE_FOLDER_PATH)/HeartMonitor WatchApp Watch App";
				WATCHOS_DEPLOYMENT_TARGET = 11.5;
			};
			name = Debug;
		};
		00D759CE2DFF853800E8D14A /* Release */ = {
			isa = XCBuildConfiguration;
			buildSettings = {
				BUNDLE_LOADER = "$(TEST_HOST)";
				CODE_SIGN_STYLE = Automatic;
				CURRENT_PROJECT_VERSION = 1;
				GENERATE_INFOPLIST_FILE = YES;
				MARKETING_VERSION = 1.0;
				PRODUCT_BUNDLE_IDENTIFIER = "com.anirudhpatel.HeartMonitor-WatchApp-Watch-AppTests";
				PRODUCT_NAME = "$(TARGET_NAME)";
				SDKROOT = watchos;
				SWIFT_EMIT_LOC_STRINGS = NO;
				SWIFT_VERSION = 5.0;
				TARGETED_DEVICE_FAMILY = 4;
				TEST_HOST = "$(BUILT_PRODUCTS_DIR)/HeartMonitor WatchApp Watch App.app/$(BUNDLE_EXECUTABLE_FOLDER_PATH)/HeartMonitor WatchApp Watch App";
				WATCHOS_DEPLOYMENT_TARGET = 11.5;
			};
			name = Release;
		};
		00D759D02DFF853800E8D14A /* Debug */ = {
			isa = XCBuildConfiguration;
			buildSettings = {
				CODE_SIGN_STYLE = Automatic;
				CURRENT_PROJECT_VERSION = 1;
				GENERATE_INFOPLIST_FILE = YES;
				MARKETING_VERSION = 1.0;
				PRODUCT_BUNDLE_IDENTIFIER = "com.anirudhpatel.HeartMonitor-WatchApp-Watch-AppUITests";
				PRODUCT_NAME = "$(TARGET_NAME)";
				SDKROOT = watchos;
				SWIFT_EMIT_LOC_STRINGS = NO;
				SWIFT_VERSION = 5.0;
				TARGETED_DEVICE_FAMILY = 4;
				TEST_TARGET_NAME = "HeartMonitor WatchApp Watch App";
				WATCHOS_DEPLOYMENT_TARGET = 11.5;
			};
			name = Debug;
		};
		00D759D12DFF853800E8D14A /* Release */ = {
			isa = XCBuildConfiguration;
			buildSettings = {
				CODE_SIGN_STYLE = Automatic;
				CURRENT_PROJECT_VERSION = 1;
				GENERATE_INFOPLIST_FILE = YES;
				MARKETING_VERSION = 1.0;
				PRODUCT_BUNDLE_IDENTIFIER = "com.anirudhpatel.HeartMonitor-WatchApp-Watch-AppUITests";
				PRODUCT_NAME = "$(TARGET_NAME)";
				SDKROOT = watchos;
				SWIFT_EMIT_LOC_STRINGS = NO;
				SWIFT_VERSION = 5.0;
				TARGETED_DEVICE_FAMILY = 4;
				TEST_TARGET_NAME = "HeartMonitor WatchApp Watch App";
				WATCHOS_DEPLOYMENT_TARGET = 11.5;
			};
			name = Release;
		};
/* End XCBuildConfiguration section */

/* Begin XCConfigurationList section */
		00D7596C2DFF839F00E8D14A /* Build configuration list for PBXProject "HeartMonitor" */ = {
			isa = XCConfigurationList;
			buildConfigurations = (
				00D7599B2DFF83A000E8D14A /* Debug */,
				00D7599C2DFF83A000E8D14A /* Release */,
			);
			defaultConfigurationIsVisible = 0;
			defaultConfigurationName = Release;
		};
		00D759982DFF83A000E8D14A /* Build configuration list for PBXNativeTarget "HeartMonitor" */ = {
			isa = XCConfigurationList;
			buildConfigurations = (
				00D759992DFF83A000E8D14A /* Debug */,
				00D7599A2DFF83A000E8D14A /* Release */,
			);
			defaultConfigurationIsVisible = 0;
			defaultConfigurationName = Release;
		};
		00D7599D2DFF83A000E8D14A /* Build configuration list for PBXNativeTarget "HeartMonitorTests" */ = {
			isa = XCConfigurationList;
			buildConfigurations = (
				00D7599E2DFF83A000E8D14A /* Debug */,
				00D7599F2DFF83A000E8D14A /* Release */,
			);
			defaultConfigurationIsVisible = 0;
			defaultConfigurationName = Release;
		};
		00D759A02DFF83A000E8D14A /* Build configuration list for PBXNativeTarget "HeartMonitorUITests" */ = {
			isa = XCConfigurationList;
			buildConfigurations = (
				00D759A12DFF83A000E8D14A /* Debug */,
				00D759A22DFF83A000E8D14A /* Release */,
			);
			defaultConfigurationIsVisible = 0;
			defaultConfigurationName = Release;
		};
		00D759C82DFF853800E8D14A /* Build configuration list for PBXNativeTarget "HeartMonitor WatchApp Watch App" */ = {
			isa = XCConfigurationList;
			buildConfigurations = (
				00D759C92DFF853800E8D14A /* Debug */,
				00D759CA2DFF853800E8D14A /* Release */,
			);
			defaultConfigurationIsVisible = 0;
			defaultConfigurationName = Release;
		};
		00D759CC2DFF853800E8D14A /* Build configuration list for PBXNativeTarget "HeartMonitor WatchApp Watch AppTests" */ = {
			isa = XCConfigurationList;
			buildConfigurations = (
				00D759CD2DFF853800E8D14A /* Debug */,
				00D759CE2DFF853800E8D14A /* Release */,
			);
			defaultConfigurationIsVisible = 0;
			defaultConfigurationName = Release;
		};
		00D759CF2DFF853800E8D14A /* Build configuration list for PBXNativeTarget "HeartMonitor WatchApp Watch AppUITests" */ = {
			isa = XCConfigurationList;
			buildConfigurations = (
				00D759D02DFF853800E8D14A /* Debug */,
				00D759D12DFF853800E8D14A /* Release */,
			);
			defaultConfigurationIsVisible = 0;
			defaultConfigurationName = Release;
		};
/* End XCConfigurationList section */
	};
	rootObject = 00D759692DFF839F00E8D14A /* Project object */;
}
